
Microsoft Visual Studio Solution File, Format Version 12.00
# Visual Studio 14
VisualStudioVersion = 14.0.25420.1
MinimumVisualStudioVersion = 10.0.40219.1
Project("{2150E333-8FDC-42A3-9474-1A3956D46DE8}") = "1 - Framework", "1 - Framework", "{28028699-9B16-4FB0-9AB9-2BC646275BD0}"
EndProject
Project("{2150E333-8FDC-42A3-9474-1A3956D46DE8}") = "2 - Project", "2 - Project", "{71E60B32-F3FE-4EFC-99FF-FB353B525079}"
EndProject
Project("{2150E333-8FDC-42A3-9474-1A3956D46DE8}") = "3 - Tests", "3 - Tests", "{3E61A48D-94B7-4190-9DCF-B0648499BC8F}"
EndProject
Project("{2150E333-8FDC-42A3-9474-1A3956D46DE8}") = "3.1 - AcceptanceTest", "3.1 - AcceptanceTest", "{AA4F879A-0B06-43E5-9E93-F7A695FD5CB4}"
EndProject
Project("{FAE04EC0-301F-11D3-BF4B-00C04F79EFBC}") = "Framework.Core", "Framework.Core\Framework.Core.csproj", "{56DA65B5-FE5D-44BB-ADD1-9D9DDD8A71AF}"
EndProject
Project("{2150E333-8FDC-42A3-9474-1A3956D46DE8}") = "1.1 - Core", "1.1 - Core", "{2F622437-5EC1-4A93-8A54-7EA99AF9ABED}"
EndProject
Project("{FAE04EC0-301F-11D3-BF4B-00C04F79EFBC}") = "Framework.IoC", "Framework.IoC\Framework.IoC.csproj", "{7107EA78-98A7-46A2-8F4D-BCBB314CD3C9}"
EndProject
Project("{2150E333-8FDC-42A3-9474-1A3956D46DE8}") = "1.2 - IoC", "1.2 - IoC", "{E453B6DA-D138-4FD4-961A-B1000D127756}"
EndProject
Project("{FAE04EC0-301F-11D3-BF4B-00C04F79EFBC}") = "Project.Lab", "Project.Lab\Project.Lab.csproj", "{F10F42A4-8756-4F67-966E-A256A28F5458}"
EndProject
Project("{FAE04EC0-301F-11D3-BF4B-00C04F79EFBC}") = "Tests.Lab", "Tests.Lab\Tests.Lab.csproj", "{570B108E-A1AA-4054-95B4-75D1B310C85B}"
EndProject
Global
	GlobalSection(SolutionConfigurationPlatforms) = preSolution
		Debug|Any CPU = Debug|Any CPU
		Release|Any CPU = Release|Any CPU
	EndGlobalSection
	GlobalSection(ProjectConfigurationPlatforms) = postSolution
		{56DA65B5-FE5D-44BB-ADD1-9D9DDD8A71AF}.Debug|Any CPU.ActiveCfg = Debug|Any CPU
		{56DA65B5-FE5D-44BB-ADD1-9D9DDD8A71AF}.Debug|Any CPU.Build.0 = Debug|Any CPU
		{56DA65B5-FE5D-44BB-ADD1-9D9DDD8A71AF}.Release|Any CPU.ActiveCfg = Release|Any CPU
		{56DA65B5-FE5D-44BB-ADD1-9D9DDD8A71AF}.Release|Any CPU.Build.0 = Release|Any CPU
		{7107EA78-98A7-46A2-8F4D-BCBB314CD3C9}.Debug|Any CPU.ActiveCfg = Debug|Any CPU
		{7107EA78-98A7-46A2-8F4D-BCBB314CD3C9}.Debug|Any CPU.Build.0 = Debug|Any CPU
		{7107EA78-98A7-46A2-8F4D-BCBB314CD3C9}.Release|Any CPU.ActiveCfg = Release|Any CPU
		{7107EA78-98A7-46A2-8F4D-BCBB314CD3C9}.Release|Any CPU.Build.0 = Release|Any CPU
		{F10F42A4-8756-4F67-966E-A256A28F5458}.Debug|Any CPU.ActiveCfg = Debug|Any CPU
		{F10F42A4-8756-4F67-966E-A256A28F5458}.Debug|Any CPU.Build.0 = Debug|Any CPU
		{F10F42A4-8756-4F67-966E-A256A28F5458}.Release|Any CPU.ActiveCfg = Release|Any CPU
		{F10F42A4-8756-4F67-966E-A256A28F5458}.Release|Any CPU.Build.0 = Release|Any CPU
		{570B108E-A1AA-4054-95B4-75D1B310C85B}.Debug|Any CPU.ActiveCfg = Debug|Any CPU
		{570B108E-A1AA-4054-95B4-75D1B310C85B}.Debug|Any CPU.Build.0 = Debug|Any CPU
		{570B108E-A1AA-4054-95B4-75D1B310C85B}.Release|Any CPU.ActiveCfg = Release|Any CPU
		{570B108E-A1AA-4054-95B4-75D1B310C85B}.Release|Any CPU.Build.0 = Release|Any CPU
	EndGlobalSection
	GlobalSection(SolutionProperties) = preSolution
		HideSolutionNode = FALSE
	EndGlobalSection
	GlobalSection(NestedProjects) = preSolution
		{AA4F879A-0B06-43E5-9E93-F7A695FD5CB4} = {3E61A48D-94B7-4190-9DCF-B0648499BC8F}
		{56DA65B5-FE5D-44BB-ADD1-9D9DDD8A71AF} = {2F622437-5EC1-4A93-8A54-7EA99AF9ABED}
		{2F622437-5EC1-4A93-8A54-7EA99AF9ABED} = {28028699-9B16-4FB0-9AB9-2BC646275BD0}
		{7107EA78-98A7-46A2-8F4D-BCBB314CD3C9} = {E453B6DA-D138-4FD4-961A-B1000D127756}
		{E453B6DA-D138-4FD4-961A-B1000D127756} = {28028699-9B16-4FB0-9AB9-2BC646275BD0}
		{F10F42A4-8756-4F67-966E-A256A28F5458} = {71E60B32-F3FE-4EFC-99FF-FB353B525079}
		{570B108E-A1AA-4054-95B4-75D1B310C85B} = {AA4F879A-0B06-43E5-9E93-F7A695FD5CB4}
	EndGlobalSection
EndGlobal
